
Microsoft Visual Studio Solution File, Format Version 12.00
# Visual Studio 15
Project("{FAE04EC0-301F-11D3-BF4B-00C04F79EFBC}") = "MyScriptAssembly", "MyScriptAssembly.csproj", "{089F6565-D1C2-8E78-9537-D82E8908C58A}"
EndProject
Project("{FAE04EC0-301F-11D3-BF4B-00C04F79EFBC}") = "Tests", "Tests.csproj", "{D4923747-EDF8-6164-84F5-AAC3783875E2}"
EndProject
Global
	GlobalSection(SolutionConfigurationPlatforms) = preSolution
		Debug|Any CPU = Debug|Any CPU
		Release|Any CPU = Release|Any CPU
	EndGlobalSection
	GlobalSection(ProjectConfigurationPlatforms) = postSolution
		{089F6565-D1C2-8E78-9537-D82E8908C58A}.Debug|Any CPU.ActiveCfg = Debug|Any CPU
		{089F6565-D1C2-8E78-9537-D82E8908C58A}.Debug|Any CPU.Build.0 = Debug|Any CPU
		{089F6565-D1C2-8E78-9537-D82E8908C58A}.Release|Any CPU.ActiveCfg = Release|Any CPU
		{089F6565-D1C2-8E78-9537-D82E8908C58A}.Release|Any CPU.Build.0 = Release|Any CPU
		{D4923747-EDF8-6164-84F5-AAC3783875E2}.Debug|Any CPU.ActiveCfg = Debug|Any CPU
		{D4923747-EDF8-6164-84F5-AAC3783875E2}.Debug|Any CPU.Build.0 = Debug|Any CPU
		{D4923747-EDF8-6164-84F5-AAC3783875E2}.Release|Any CPU.ActiveCfg = Release|Any CPU
		{D4923747-EDF8-6164-84F5-AAC3783875E2}.Release|Any CPU.Build.0 = Release|Any CPU
	EndGlobalSection
	GlobalSection(SolutionProperties) = preSolution
		HideSolutionNode = FALSE
	EndGlobalSection
EndGlobal
